
Microsoft Visual Studio Solution File, Format Version 12.00
# Visual Studio Version 17
VisualStudioVersion = 17.4.33213.308
MinimumVisualStudioVersion = 10.0.40219.1
Project("{FAE04EC0-301F-11D3-BF4B-00C04F79EFBC}") = "Relacionamentos", "Relacionamentos\Relacionamentos.csproj", "{6B4771FA-C0BF-4006-8BF7-9751CADB7FB6}"
EndProject
Global
	GlobalSection(SolutionConfigurationPlatforms) = preSolution
		Debug|Any CPU = Debug|Any CPU
		Release|Any CPU = Release|Any CPU
	EndGlobalSection
	GlobalSection(ProjectConfigurationPlatforms) = postSolution
		{6B4771FA-C0BF-4006-8BF7-9751CADB7FB6}.Debug|Any CPU.ActiveCfg = Debug|Any CPU
		{6B4771FA-C0BF-4006-8BF7-9751CADB7FB6}.Debug|Any CPU.Build.0 = Debug|Any CPU
		{6B4771FA-C0BF-4006-8BF7-9751CADB7FB6}.Release|Any CPU.ActiveCfg = Release|Any CPU
		{6B4771FA-C0BF-4006-8BF7-9751CADB7FB6}.Release|Any CPU.Build.0 = Release|Any CPU
	EndGlobalSection
	GlobalSection(SolutionProperties) = preSolution
		HideSolutionNode = FALSE
	EndGlobalSection
	GlobalSection(ExtensibilityGlobals) = postSolution
		SolutionGuid = {091E66B4-6AC7-4B29-8320-C0B4591203C9}
	EndGlobalSection
EndGlobal
